
Microsoft Visual Studio Solution File, Format Version 12.00
# Visual Studio Version 17
VisualStudioVersion = 17.7.34024.191
MinimumVisualStudioVersion = 10.0.40219.1
Project("{9A19103F-16F7-4668-BE54-9A1E7A4F7556}") = "ServiceOrientedArchitecture.WebApi", "ServiceOrientedArchitecture.WebApi\ServiceOrientedArchitecture.WebApi.csproj", "{07709ECC-CE39-4ABF-A750-ED8B0257F979}"
EndProject
Project("{9A19103F-16F7-4668-BE54-9A1E7A4F7556}") = "ServiceOrientedArchitecture.Services", "ServiceOrientedArchitecture.Services\ServiceOrientedArchitecture.Services.csproj", "{0680ED5C-B713-4A79-A026-374CEF348765}"
EndProject
Project("{9A19103F-16F7-4668-BE54-9A1E7A4F7556}") = "ServiceOrientedArchitecture.Common", "ServiceOrientedArchitecture.Common\ServiceOrientedArchitecture.Common.csproj", "{832CFDC5-CDEC-4787-B04A-5D0A25FDBE48}"
EndProject
Project("{9A19103F-16F7-4668-BE54-9A1E7A4F7556}") = "ServiceOrientedArchitecture.Data", "ServiceOrientedArchitecture.Data\ServiceOrientedArchitecture.Data.csproj", "{42B404F9-C208-4AC7-AE61-099CDBC6A434}"
EndProject
Global
	GlobalSection(SolutionConfigurationPlatforms) = preSolution
		Debug|Any CPU = Debug|Any CPU
		Release|Any CPU = Release|Any CPU
	EndGlobalSection
	GlobalSection(ProjectConfigurationPlatforms) = postSolution
		{07709ECC-CE39-4ABF-A750-ED8B0257F979}.Debug|Any CPU.ActiveCfg = Debug|Any CPU
		{07709ECC-CE39-4ABF-A750-ED8B0257F979}.Debug|Any CPU.Build.0 = Debug|Any CPU
		{07709ECC-CE39-4ABF-A750-ED8B0257F979}.Release|Any CPU.ActiveCfg = Release|Any CPU
		{07709ECC-CE39-4ABF-A750-ED8B0257F979}.Release|Any CPU.Build.0 = Release|Any CPU
		{0680ED5C-B713-4A79-A026-374CEF348765}.Debug|Any CPU.ActiveCfg = Debug|Any CPU
		{0680ED5C-B713-4A79-A026-374CEF348765}.Debug|Any CPU.Build.0 = Debug|Any CPU
		{0680ED5C-B713-4A79-A026-374CEF348765}.Release|Any CPU.ActiveCfg = Release|Any CPU
		{0680ED5C-B713-4A79-A026-374CEF348765}.Release|Any CPU.Build.0 = Release|Any CPU
		{832CFDC5-CDEC-4787-B04A-5D0A25FDBE48}.Debug|Any CPU.ActiveCfg = Debug|Any CPU
		{832CFDC5-CDEC-4787-B04A-5D0A25FDBE48}.Debug|Any CPU.Build.0 = Debug|Any CPU
		{832CFDC5-CDEC-4787-B04A-5D0A25FDBE48}.Release|Any CPU.ActiveCfg = Release|Any CPU
		{832CFDC5-CDEC-4787-B04A-5D0A25FDBE48}.Release|Any CPU.Build.0 = Release|Any CPU
		{42B404F9-C208-4AC7-AE61-099CDBC6A434}.Debug|Any CPU.ActiveCfg = Debug|Any CPU
		{42B404F9-C208-4AC7-AE61-099CDBC6A434}.Debug|Any CPU.Build.0 = Debug|Any CPU
		{42B404F9-C208-4AC7-AE61-099CDBC6A434}.Release|Any CPU.ActiveCfg = Release|Any CPU
		{42B404F9-C208-4AC7-AE61-099CDBC6A434}.Release|Any CPU.Build.0 = Release|Any CPU
	EndGlobalSection
	GlobalSection(SolutionProperties) = preSolution
		HideSolutionNode = FALSE
	EndGlobalSection
	GlobalSection(ExtensibilityGlobals) = postSolution
		SolutionGuid = {D30846AF-6E4C-4483-8CE9-E37F78F4D173}
	EndGlobalSection
EndGlobal
